<?xml version="1.0" encoding="utf-8"?>
<Project ToolsVersion="4.0" xmlns="http://schemas.microsoft.com/developer/msbuild/2003">
  <ItemGroup>
    <Filter Include="Source Files">
      <UniqueIdentifier>{4FC737F1-C7A5-4376-A066-2A32D752A2FF}</UniqueIdentifier>
      <Extensions>cpp;c;cc;cxx;def;odl;idl;hpj;bat;asm;asmx</Extensions>
    </Filter>
    <Filter Include="Components">
      <UniqueIdentifier>{cf293583-d8cb-43fd-8b27-e6afd69405a0}</UniqueIdentifier>
    </Filter>
    <Filter Include="Managers">
      <UniqueIdentifier>{74eb8fe2-f5a2-4c25-a3be-5172397051bd}</UniqueIdentifier>
    </Filter>
    <Filter Include="Managers\Entity">
      <UniqueIdentifier>{140db9c3-d73e-4c8b-9a03-0ca68a7b5d4b}</UniqueIdentifier>
    </Filter>
    <Filter Include="Managers\Asset">
      <UniqueIdentifier>{e10d089b-58e9-4d1f-979d-14c5fabadf6f}</UniqueIdentifier>
    </Filter>
    <Filter Include="Managers\Texture">
      <UniqueIdentifier>{1b38a270-4d18-440e-a003-fe02ddee5a71}</UniqueIdentifier>
    </Filter>
    <Filter Include="Components\Entity">
      <UniqueIdentifier>{896187e7-9427-47e3-bd21-50dec048760d}</UniqueIdentifier>
    </Filter>
    <Filter Include="Components\Map">
      <UniqueIdentifier>{e8b679c7-b364-4924-a18b-030be6749481}</UniqueIdentifier>
    </Filter>
    <Filter Include="Managers\Font">
      <UniqueIdentifier>{aa30a1e9-6fc5-4999-996c-be36b49c3fa6}</UniqueIdentifier>
    </Filter>
    <Filter Include="Components\Collision">
      <UniqueIdentifier>{ff05dd72-dd03-4e8c-9c02-e4126c3225e6}</UniqueIdentifier>
    </Filter>
  </ItemGroup>
  <ItemGroup>
    <ClCompile Include="Source.cpp">
      <Filter>Source Files</Filter>
    </ClCompile>
    <ClCompile Include="Game.cpp">
      <Filter>Source Files</Filter>
    </ClCompile>
    <ClCompile Include="EntityManager.cpp">
      <Filter>Managers\Entity</Filter>
    </ClCompile>
    <ClCompile Include="AssetManager.cpp">
      <Filter>Managers\Asset</Filter>
    </ClCompile>
    <ClCompile Include="TextureManager.cpp">
      <Filter>Managers\Texture</Filter>
    </ClCompile>
    <ClCompile Include="Entity.cpp">
      <Filter>Components\Entity</Filter>
    </ClCompile>
    <ClCompile Include="Map.cpp">
      <Filter>Components\Map</Filter>
    </ClCompile>
    <ClCompile Include="FontManager.cpp">
      <Filter>Managers\Font</Filter>
    </ClCompile>
    <ClCompile Include="Collision.cpp">
      <Filter>Components\Collision</Filter>
    </ClCompile>
  </ItemGroup>
  <ItemGroup>
    <ClInclude Include="TransformComponent.h">
      <Filter>Components</Filter>
    </ClInclude>
    <ClInclude Include="Component.h">
      <Filter>Components</Filter>
    </ClInclude>
    <ClInclude Include="Constans.h">
      <Filter>Source Files</Filter>
    </ClInclude>
    <ClInclude Include="Game.h">
      <Filter>Source Files</Filter>
    </ClInclude>
    <ClInclude Include="Animation.h">
      <Filter>Source Files</Filter>
    </ClInclude>
    <ClInclude Include="EntityManager.h">
      <Filter>Managers\Entity</Filter>
    </ClInclude>
    <ClInclude Include="AssetManager.h">
      <Filter>Managers\Asset</Filter>
    </ClInclude>
    <ClInclude Include="TextureManager.h">
      <Filter>Managers\Texture</Filter>
    </ClInclude>
    <ClInclude Include="SpriteComponent.h">
      <Filter>Components</Filter>
    </ClInclude>
    <ClInclude Include="Entity.h">
      <Filter>Components\Entity</Filter>
    </ClInclude>
    <ClInclude Include="TileComponent.h">
      <Filter>Components</Filter>
    </ClInclude>
    <ClInclude Include="Map.h">
      <Filter>Components\Map</Filter>
    </ClInclude>
    <ClInclude Include="ColliderComponent.h">
      <Filter>Components</Filter>
    </ClInclude>
    <ClInclude Include="FontManager.h">
      <Filter>Managers\Font</Filter>
    </ClInclude>
    <ClInclude Include="TextLabelComponent.h">
      <Filter>Components</Filter>
    </ClInclude>
    <ClInclude Include="KeyboardControlComponent.h">
      <Filter>Components</Filter>
    </ClInclude>
    <ClInclude Include="Collision.h">
      <Filter>Components\Collision</Filter>
    </ClInclude>
  </ItemGroup>
</Project>